// !$*UTF8*$!
{
	archiveVersion = 1;
	classes = {
	};
	objectVersion = 56;
	objects = {

/* Begin PBXBuildFile section */
		FEA0CF95297CFC1D009FE385 /* TOMApp.swift in Sources */ = {isa = PBXBuildFile; fileRef = FEA0CF94297CFC1D009FE385 /* TOMApp.swift */; };
		FEA0CF97297CFC1D009FE385 /* ContentView.swift in Sources */ = {isa = PBXBuildFile; fileRef = FEA0CF96297CFC1D009FE385 /* ContentView.swift */; };
		FEA0CF99297CFC24009FE385 /* Assets.xcassets in Resources */ = {isa = PBXBuildFile; fileRef = FEA0CF98297CFC24009FE385 /* Assets.xcassets */; };
		FEA0CF9C297CFC24009FE385 /* Preview Assets.xcassets in Resources */ = {isa = PBXBuildFile; fileRef = FEA0CF9B297CFC24009FE385 /* Preview Assets.xcassets */; };
		FEA0CFA5297CFD8F009FE385 /* TOMDocument.swift in Sources */ = {isa = PBXBuildFile; fileRef = FEA0CFA4297CFD8F009FE385 /* TOMDocument.swift */; };
		FEA0CFA7297D0459009FE385 /* ViewModel.swift in Sources */ = {isa = PBXBuildFile; fileRef = FEA0CFA6297D0459009FE385 /* ViewModel.swift */; };
		FEA0CFA9297D0C26009FE385 /* RegisterView.swift in Sources */ = {isa = PBXBuildFile; fileRef = FEA0CFA8297D0C26009FE385 /* RegisterView.swift */; };
/* End PBXBuildFile section */

/* Begin PBXFileReference section */
		FEA0CF91297CFC1D009FE385 /* TOM.app */ = {isa = PBXFileReference; explicitFileType = wrapper.application; includeInIndex = 0; path = TOM.app; sourceTree = BUILT_PRODUCTS_DIR; };
		FEA0CF94297CFC1D009FE385 /* TOMApp.swift */ = {isa = PBXFileReference; lastKnownFileType = sourcecode.swift; path = TOMApp.swift; sourceTree = "<group>"; };
		FEA0CF96297CFC1D009FE385 /* ContentView.swift */ = {isa = PBXFileReference; lastKnownFileType = sourcecode.swift; path = ContentView.swift; sourceTree = "<group>"; };
		FEA0CF98297CFC24009FE385 /* Assets.xcassets */ = {isa = PBXFileReference; lastKnownFileType = folder.assetcatalog; path = Assets.xcassets; sourceTree = "<group>"; };
		FEA0CF9B297CFC24009FE385 /* Preview Assets.xcassets */ = {isa = PBXFileReference; lastKnownFileType = folder.assetcatalog; path = "Preview Assets.xcassets"; sourceTree = "<group>"; };
		FEA0CF9D297CFC24009FE385 /* TOM.entitlements */ = {isa = PBXFileReference; lastKnownFileType = text.plist.entitlements; path = TOM.entitlements; sourceTree = "<group>"; };
		FEA0CFA3297CFC91009FE385 /* Info.plist */ = {isa = PBXFileReference; lastKnownFileType = text.plist; path = Info.plist; sourceTree = "<group>"; };
		FEA0CFA4297CFD8F009FE385 /* TOMDocument.swift */ = {isa = PBXFileReference; lastKnownFileType = sourcecode.swift; path = TOMDocument.swift; sourceTree = "<group>"; };
		FEA0CFA6297D0459009FE385 /* ViewModel.swift */ = {isa = PBXFileReference; lastKnownFileType = sourcecode.swift; path = ViewModel.swift; sourceTree = "<group>"; };
		FEA0CFA8297D0C26009FE385 /* RegisterView.swift */ = {isa = PBXFileReference; lastKnownFileType = sourcecode.swift; path = RegisterView.swift; sourceTree = "<group>"; };
/* End PBXFileReference section */

/* Begin PBXFrameworksBuildPhase section */
		FEA0CF8E297CFC1D009FE385 /* Frameworks */ = {
			isa = PBXFrameworksBuildPhase;
			buildActionMask = 2147483647;
			files = (
			);
			runOnlyForDeploymentPostprocessing = 0;
		};
/* End PBXFrameworksBuildPhase section */

/* Begin PBXGroup section */
		FEA0CF88297CFC1D009FE385 = {
			isa = PBXGroup;
			children = (
				FEA0CF93297CFC1D009FE385 /* TOM */,
				FEA0CF92297CFC1D009FE385 /* Products */,
			);
			sourceTree = "<group>";
		};
		FEA0CF92297CFC1D009FE385 /* Products */ = {
			isa = PBXGroup;
			children = (
				FEA0CF91297CFC1D009FE385 /* TOM.app */,
			);
			name = Products;
			sourceTree = "<group>";
		};
		FEA0CF93297CFC1D009FE385 /* TOM */ = {
			isa = PBXGroup;
			children = (
				FEA0CFA3297CFC91009FE385 /* Info.plist */,
				FEA0CF94297CFC1D009FE385 /* TOMApp.swift */,
				FEA0CF96297CFC1D009FE385 /* ContentView.swift */,
				FEA0CFA4297CFD8F009FE385 /* TOMDocument.swift */,
				FEA0CFA6297D0459009FE385 /* ViewModel.swift */,
				FEA0CFA8297D0C26009FE385 /* RegisterView.swift */,
				FEA0CF98297CFC24009FE385 /* Assets.xcassets */,
				FEA0CF9D297CFC24009FE385 /* TOM.entitlements */,
				FEA0CF9A297CFC24009FE385 /* Preview Content */,
			);
			path = TOM;
			sourceTree = "<group>";
		};
		FEA0CF9A297CFC24009FE385 /* Preview Content */ = {
			isa = PBXGroup;
			children = (
				FEA0CF9B297CFC24009FE385 /* Preview Assets.xcassets */,
			);
			path = "Preview Content";
			sourceTree = "<group>";
		};
/* End PBXGroup section */

/* Begin PBXNativeTarget section */
		FEA0CF90297CFC1D009FE385 /* TOM */ = {
			isa = PBXNativeTarget;
			buildConfigurationList = FEA0CFA0297CFC24009FE385 /* Build configuration list for PBXNativeTarget "TOM" */;
			buildPhases = (
				FEA0CF8D297CFC1D009FE385 /* Sources */,
				FEA0CF8E297CFC1D009FE385 /* Frameworks */,
				FEA0CF8F297CFC1D009FE385 /* Resources */,
			);
			buildRules = (
			);
			dependencies = (
			);
			name = TOM;
			productName = TOM;
			productReference = FEA0CF91297CFC1D009FE385 /* TOM.app */;
			productType = "com.apple.product-type.application";
		};
/* End PBXNativeTarget section */

/* Begin PBXProject section */
		FEA0CF89297CFC1D009FE385 /* Project object */ = {
			isa = PBXProject;
			attributes = {
				BuildIndependentTargetsInParallel = 1;
				LastSwiftUpdateCheck = 1410;
				LastUpgradeCheck = 1410;
				TargetAttributes = {
					FEA0CF90297CFC1D009FE385 = {
						CreatedOnToolsVersion = 14.1;
					};
				};
			};
			buildConfigurationList = FEA0CF8C297CFC1D009FE385 /* Build configuration list for PBXProject "TOM" */;
			compatibilityVersion = "Xcode 14.0";
			developmentRegion = en;
			hasScannedForEncodings = 0;
			knownRegions = (
				en,
				Base,
			);
			mainGroup = FEA0CF88297CFC1D009FE385;
			productRefGroup = FEA0CF92297CFC1D009FE385 /* Products */;
			projectDirPath = "";
			projectRoot = "";
			targets = (
				FEA0CF90297CFC1D009FE385 /* TOM */,
			);
		};
/* End PBXProject section */

/* Begin PBXResourcesBuildPhase section */
		FEA0CF8F297CFC1D009FE385 /* Resources */ = {
			isa = PBXResourcesBuildPhase;
			buildActionMask = 2147483647;
			files = (
				FEA0CF9C297CFC24009FE385 /* Preview Assets.xcassets in Resources */,
				FEA0CF99297CFC24009FE385 /* Assets.xcassets in Resources */,
			);
			runOnlyForDeploymentPostprocessing = 0;
		};
/* End PBXResourcesBuildPhase section */

/* Begin PBXSourcesBuildPhase section */
		FEA0CF8D297CFC1D009FE385 /* Sources */ = {
			isa = PBXSourcesBuildPhase;
			buildActionMask = 2147483647;
			files = (
				FEA0CF97297CFC1D009FE385 /* ContentView.swift in Sources */,
				FEA0CFA9297D0C26009FE385 /* RegisterView.swift in Sources */,
				FEA0CFA5297CFD8F009FE385 /* TOMDocument.swift in Sources */,
				FEA0CFA7297D0459009FE385 /* ViewModel.swift in Sources */,
				FEA0CF95297CFC1D009FE385 /* TOMApp.swift in Sources */,
			);
			runOnlyForDeploymentPostprocessing = 0;
		};
/* End PBXSourcesBuildPhase section */

/* Begin XCBuildConfiguration section */
		FEA0CF9E297CFC24009FE385 /* Debug */ = {
			isa = XCBuildConfiguration;
			buildSettings = {
				ALWAYS_SEARCH_USER_PATHS = NO;
				CLANG_ANALYZER_NONNULL = YES;
				CLANG_ANALYZER_NUMBER_OBJECT_CONVERSION = YES_AGGRESSIVE;
				CLANG_CXX_LANGUAGE_STANDARD = "gnu++20";
				CLANG_ENABLE_MODULES = YES;
				CLANG_ENABLE_OBJC_ARC = YES;
				CLANG_ENABLE_OBJC_WEAK = YES;
				CLANG_WARN_BLOCK_CAPTURE_AUTORELEASING = YES;
				CLANG_WARN_BOOL_CONVERSION = YES;
				CLANG_WARN_COMMA = YES;
				CLANG_WARN_CONSTANT_CONVERSION = YES;
				CLANG_WARN_DEPRECATED_OBJC_IMPLEMENTATIONS = YES;
				CLANG_WARN_DIRECT_OBJC_ISA_USAGE = YES_ERROR;
				CLANG_WARN_DOCUMENTATION_COMMENTS = YES;
				CLANG_WARN_EMPTY_BODY = YES;
				CLANG_WARN_ENUM_CONVERSION = YES;
				CLANG_WARN_INFINITE_RECURSION = YES;
				CLANG_WARN_INT_CONVERSION = YES;
				CLANG_WARN_NON_LITERAL_NULL_CONVERSION = YES;
				CLANG_WARN_OBJC_IMPLICIT_RETAIN_SELF = YES;
				CLANG_WARN_OBJC_LITERAL_CONVERSION = YES;
				CLANG_WARN_OBJC_ROOT_CLASS = YES_ERROR;
				CLANG_WARN_QUOTED_INCLUDE_IN_FRAMEWORK_HEADER = YES;
				CLANG_WARN_RANGE_LOOP_ANALYSIS = YES;
				CLANG_WARN_STRICT_PROTOTYPES = YES;
				CLANG_WARN_SUSPICIOUS_MOVE = YES;
				CLANG_WARN_UNGUARDED_AVAILABILITY = YES_AGGRESSIVE;
				CLANG_WARN_UNREACHABLE_CODE = YES;
				CLANG_WARN__DUPLICATE_METHOD_MATCH = YES;
				COPY_PHASE_STRIP = NO;
				DEBUG_INFORMATION_FORMAT = dwarf;
				ENABLE_STRICT_OBJC_MSGSEND = YES;
				ENABLE_TESTABILITY = YES;
				GCC_C_LANGUAGE_STANDARD = gnu11;
				GCC_DYNAMIC_NO_PIC = NO;
				GCC_NO_COMMON_BLOCKS = YES;
				GCC_OPTIMIZATION_LEVEL = 0;
				GCC_PREPROCESSOR_DEFINITIONS = (
					"DEBUG=1",
					"$(inherited)",
				);
				GCC_WARN_64_TO_32_BIT_CONVERSION = YES;
				GCC_WARN_ABOUT_RETURN_TYPE = YES_ERROR;
				GCC_WARN_UNDECLARED_SELECTOR = YES;
				GCC_WARN_UNINITIALIZED_AUTOS = YES_AGGRESSIVE;
				GCC_WARN_UNUSED_FUNCTION = YES;
				GCC_WARN_UNUSED_VARIABLE = YES;
				MACOSX_DEPLOYMENT_TARGET = 13.0;
				MTL_ENABLE_DEBUG_INFO = INCLUDE_SOURCE;
				MTL_FAST_MATH = YES;
				ONLY_ACTIVE_ARCH = YES;
				SDKROOT = macosx;
				SWIFT_ACTIVE_COMPILATION_CONDITIONS = DEBUG;
				SWIFT_OPTIMIZATION_LEVEL = "-Onone";
			};
			name = Debug;
		};
		FEA0CF9F297CFC24009FE385 /* Release */ = {
			isa = XCBuildConfiguration;
			buildSettings = {
				ALWAYS_SEARCH_USER_PATHS = NO;
				CLANG_ANALYZER_NONNULL = YES;
				CLANG_ANALYZER_NUMBER_OBJECT_CONVERSION = YES_AGGRESSIVE;
				CLANG_CXX_LANGUAGE_STANDARD = "gnu++20";
				CLANG_ENABLE_MODULES = YES;
				CLANG_ENABLE_OBJC_ARC = YES;
				CLANG_ENABLE_OBJC_WEAK = YES;
				CLANG_WARN_BLOCK_CAPTURE_AUTORELEASING = YES;
				CLANG_WARN_BOOL_CONVERSION = YES;
				CLANG_WARN_COMMA = YES;
				CLANG_WARN_CONSTANT_CONVERSION = YES;
				CLANG_WARN_DEPRECATED_OBJC_IMPLEMENTATIONS = YES;
				CLANG_WARN_DIRECT_OBJC_ISA_USAGE = YES_ERROR;
				CLANG_WARN_DOCUMENTATION_COMMENTS = YES;
				CLANG_WARN_EMPTY_BODY = YES;
				CLANG_WARN_ENUM_CONVERSION = YES;
				CLANG_WARN_INFINITE_RECURSION = YES;
				CLANG_WARN_INT_CONVERSION = YES;
				CLANG_WARN_NON_LITERAL_NULL_CONVERSION = YES;
				CLANG_WARN_OBJC_IMPLICIT_RETAIN_SELF = YES;
				CLANG_WARN_OBJC_LITERAL_CONVERSION = YES;
				CLANG_WARN_OBJC_ROOT_CLASS = YES_ERROR;
				CLANG_WARN_QUOTED_INCLUDE_IN_FRAMEWORK_HEADER = YES;
				CLANG_WARN_RANGE_LOOP_ANALYSIS = YES;
				CLANG_WARN_STRICT_PROTOTYPES = YES;
				CLANG_WARN_SUSPICIOUS_MOVE = YES;
				CLANG_WARN_UNGUARDED_AVAILABILITY = YES_AGGRESSIVE;
				CLANG_WARN_UNREACHABLE_CODE = YES;
				CLANG_WARN__DUPLICATE_METHOD_MATCH = YES;
				COPY_PHASE_STRIP = NO;
				DEBUG_INFORMATION_FORMAT = "dwarf-with-dsym";
				ENABLE_NS_ASSERTIONS = NO;
				ENABLE_STRICT_OBJC_MSGSEND = YES;
				GCC_C_LANGUAGE_STANDARD = gnu11;
				GCC_NO_COMMON_BLOCKS = YES;
				GCC_WARN_64_TO_32_BIT_CONVERSION = YES;
				GCC_WARN_ABOUT_RETURN_TYPE = YES_ERROR;
				GCC_WARN_UNDECLARED_SELECTOR = YES;
				GCC_WARN_UNINITIALIZED_AUTOS = YES_AGGRESSIVE;
				GCC_WARN_UNUSED_FUNCTION = YES;
				GCC_WARN_UNUSED_VARIABLE = YES;
				MACOSX_DEPLOYMENT_TARGET = 13.0;
				MTL_ENABLE_DEBUG_INFO = NO;
				MTL_FAST_MATH = YES;
				SDKROOT = macosx;
				SWIFT_COMPILATION_MODE = wholemodule;
				SWIFT_OPTIMIZATION_LEVEL = "-O";
			};
			name = Release;
		};
		FEA0CFA1297CFC24009FE385 /* Debug */ = {
			isa = XCBuildConfiguration;
			buildSettings = {
				ASSETCATALOG_COMPILER_APPICON_NAME = AppIcon;
				ASSETCATALOG_COMPILER_GLOBAL_ACCENT_COLOR_NAME = AccentColor;
				CODE_SIGN_ENTITLEMENTS = TOM/TOM.entitlements;
				CODE_SIGN_STYLE = Automatic;
				COMBINE_HIDPI_IMAGES = YES;
				CURRENT_PROJECT_VERSION = 1;
				DEVELOPMENT_ASSET_PATHS = "\"TOM/Preview Content\"";
				DEVELOPMENT_TEAM = 2493S56G62;
				ENABLE_HARDENED_RUNTIME = YES;
				ENABLE_PREVIEWS = YES;
				GENERATE_INFOPLIST_FILE = YES;
				INFOPLIST_FILE = TOM/Info.plist;
				INFOPLIST_KEY_NSHumanReadableCopyright = "";
				LD_RUNPATH_SEARCH_PATHS = (
					"$(inherited)",
					"@executable_path/../Frameworks",
				);
				MARKETING_VERSION = 1.0;
				PRODUCT_BUNDLE_IDENTIFIER = com.duckyplanet.TOM;
				PRODUCT_NAME = "$(TARGET_NAME)";
				SWIFT_EMIT_LOC_STRINGS = YES;
				SWIFT_VERSION = 5.0;
			};
			name = Debug;
		};
		FEA0CFA2297CFC24009FE385 /* Release */ = {
			isa = XCBuildConfiguration;
			buildSettings = {
				ASSETCATALOG_COMPILER_APPICON_NAME = AppIcon;
				ASSETCATALOG_COMPILER_GLOBAL_ACCENT_COLOR_NAME = AccentColor;
				CODE_SIGN_ENTITLEMENTS = TOM/TOM.entitlements;
				CODE_SIGN_STYLE = Automatic;
				COMBINE_HIDPI_IMAGES = YES;
				CURRENT_PROJECT_VERSION = 1;
				DEVELOPMENT_ASSET_PATHS = "\"TOM/Preview Content\"";
				DEVELOPMENT_TEAM = 2493S56G62;
				ENABLE_HARDENED_RUNTIME = YES;
				ENABLE_PREVIEWS = YES;
				GENERATE_INFOPLIST_FILE = YES;
				INFOPLIST_FILE = TOM/Info.plist;
				INFOPLIST_KEY_NSHumanReadableCopyright = "";
				LD_RUNPATH_SEARCH_PATHS = (
					"$(inherited)",
					"@executable_path/../Frameworks",
				);
				MARKETING_VERSION = 1.0;
				PRODUCT_BUNDLE_IDENTIFIER = com.duckyplanet.TOM;
				PRODUCT_NAME = "$(TARGET_NAME)";
				SWIFT_EMIT_LOC_STRINGS = YES;
				SWIFT_VERSION = 5.0;
			};
			name = Release;
		};
/* End XCBuildConfiguration section */

/* Begin XCConfigurationList section */
		FEA0CF8C297CFC1D009FE385 /* Build configuration list for PBXProject "TOM" */ = {
			isa = XCConfigurationList;
			buildConfigurations = (
				FEA0CF9E297CFC24009FE385 /* Debug */,
				FEA0CF9F297CFC24009FE385 /* Release */,
			);
			defaultConfigurationIsVisible = 0;
			defaultConfigurationName = Release;
		};
		FEA0CFA0297CFC24009FE385 /* Build configuration list for PBXNativeTarget "TOM" */ = {
			isa = XCConfigurationList;
			buildConfigurations = (
				FEA0CFA1297CFC24009FE385 /* Debug */,
				FEA0CFA2297CFC24009FE385 /* Release */,
			);
			defaultConfigurationIsVisible = 0;
			defaultConfigurationName = Release;
		};
/* End XCConfigurationList section */
	};
	rootObject = FEA0CF89297CFC1D009FE385 /* Project object */;
}
